{
  "name": "maze",
  "lockfileVersion": 3,
  "requires": true,
  "packages": {
    "": {
      "devDependencies": {
        "@types/downloadjs": "^1.4.6",
        "@types/react-json-editor-ajrm": "^2.5.6"
      }
    },
    "node_modules/@types/downloadjs": {
      "version": "1.4.6",
      "resolved": "https://registry.npmjs.org/@types/downloadjs/-/downloadjs-1.4.6.tgz",
      "integrity": "sha512-mp3w70vsaiLRT9ix92fmI9Ob2yJAPZm6tShJtofo2uHbN11G2i6a0ApIEjBl/kv3e9V7Pv7jMjk1bUwYWvMHvA==",
      "dev": true
    },
    "node_modules/@types/prop-types": {
      "version": "15.7.11",
      "resolved": "https://registry.npmjs.org/@types/prop-types/-/prop-types-15.7.11.tgz",
      "integrity": "sha512-ga8y9v9uyeiLdpKddhxYQkxNDrfvuPrlFb0N1qnZZByvcElJaXthF1UhvCh9TLWJBEHeNtdnbysW7Y6Uq8CVng==",
      "dev": true
    },
    "node_modules/@types/react": {
      "version": "18.2.41",
      "resolved": "https://registry.npmjs.org/@types/react/-/react-18.2.41.tgz",
      "integrity": "sha512-CwOGr/PiLiNBxEBqpJ7fO3kocP/2SSuC9fpH5K7tusrg4xPSRT/193rzolYwQnTN02We/ATXKnb6GqA5w4fRxw==",
      "dev": true,
      "dependencies": {
        "@types/prop-types": "*",
        "@types/scheduler": "*",
        "csstype": "^3.0.2"
      }
    },
    "node_modules/@types/react-json-editor-ajrm": {
      "version": "2.5.6",
      "resolved": "https://registry.npmjs.org/@types/react-json-editor-ajrm/-/react-json-editor-ajrm-2.5.6.tgz",
      "integrity": "sha512-Dk8WUF0UPzHCnDfgNQ7EBtjZRsHLZPfjm/fFZOrHVO4TbD1EQpKS/i8p3EpVEnvgE5LJack35eAxFjxN1UWMnA==",
      "dev": true,
      "dependencies": {
        "@types/react": "*"
      }
    },
    "node_modules/@types/scheduler": {
      "version": "0.16.8",
      "resolved": "https://registry.npmjs.org/@types/scheduler/-/scheduler-0.16.8.tgz",
      "integrity": "sha512-WZLiwShhwLRmeV6zH+GkbOFT6Z6VklCItrDioxUnv+u4Ll+8vKeFySoFyK/0ctcRpOmwAicELfmys1sDc/Rw+A==",
      "dev": true
    },
    "node_modules/csstype": {
      "version": "3.1.2",
      "resolved": "https://registry.npmjs.org/csstype/-/csstype-3.1.2.tgz",
      "integrity": "sha512-I7K1Uu0MBPzaFKg4nI5Q7Vs2t+3gWWW648spaF+Rg7pI9ds18Ugn+lvg4SHczUdKlHI5LWBXyqfS8+DufyBsgQ==",
      "dev": true
    }
  }
}
